
Microsoft Visual Studio Solution File, Format Version 12.00
# Visual Studio Version 17
VisualStudioVersion = 17.11.35222.181
MinimumVisualStudioVersion = 10.0.40219.1
Project("{9A19103F-16F7-4668-BE54-9A1E7A4F7556}") = "Tools", "Tools\Tools.csproj", "{0D144F0E-DBB0-4B7D-8D04-60868F75E79C}"
EndProject
Project("{9A19103F-16F7-4668-BE54-9A1E7A4F7556}") = "Day01", "Day01\Day01.csproj", "{8AD846FE-39B7-4446-817B-594A712BAF48}"
EndProject
Project("{9A19103F-16F7-4668-BE54-9A1E7A4F7556}") = "Day06", "Day06\Day06.csproj", "{CDD7DE6D-8E5B-44CF-AE8B-82195BC333E4}"
EndProject
Project("{9A19103F-16F7-4668-BE54-9A1E7A4F7556}") = "Day07", "Day07\Day07.csproj", "{59482396-FE18-4E6E-BAAA-9729C80C0608}"
EndProject
Project("{9A19103F-16F7-4668-BE54-9A1E7A4F7556}") = "Day02", "Day02\Day02.csproj", "{C07885C2-AFA8-4093-A47E-FE4AF8019CE9}"
EndProject
Project("{9A19103F-16F7-4668-BE54-9A1E7A4F7556}") = "Day08", "Day08\Day08.csproj", "{6D71A13C-AF8F-4591-B411-757EE22CA499}"
EndProject
Project("{9A19103F-16F7-4668-BE54-9A1E7A4F7556}") = "Day09", "Day09\Day09.csproj", "{EDEEA947-AA85-4BE6-9646-851ADDD3E352}"
EndProject
Project("{9A19103F-16F7-4668-BE54-9A1E7A4F7556}") = "Day10", "Day10\Day10.csproj", "{36A18CAF-94DE-4FC0-BD4E-F6BF3DA164FF}"
EndProject
Project("{FAE04EC0-301F-11D3-BF4B-00C04F79EFBC}") = "Day11", "Day11\Day11.csproj", "{972E97F6-CC86-4E43-B47C-CB98F92AB62A}"
EndProject
Project("{FAE04EC0-301F-11D3-BF4B-00C04F79EFBC}") = "Day12", "Day12\Day12.csproj", "{01B0BD1F-0B2C-4C30-8466-9A6360138888}"
EndProject
Project("{FAE04EC0-301F-11D3-BF4B-00C04F79EFBC}") = "Day13", "Day13\Day13.csproj", "{1E560188-A7E3-4F9F-BA53-5965331A296B}"
EndProject
Project("{FAE04EC0-301F-11D3-BF4B-00C04F79EFBC}") = "Day14", "Day14\Day14.csproj", "{19486F15-74EE-4A44-9E5B-6AED8F40B772}"
EndProject
Global
	GlobalSection(SolutionConfigurationPlatforms) = preSolution
		Debug|Any CPU = Debug|Any CPU
		Release|Any CPU = Release|Any CPU
	EndGlobalSection
	GlobalSection(ProjectConfigurationPlatforms) = postSolution
		{0D144F0E-DBB0-4B7D-8D04-60868F75E79C}.Debug|Any CPU.ActiveCfg = Debug|Any CPU
		{0D144F0E-DBB0-4B7D-8D04-60868F75E79C}.Debug|Any CPU.Build.0 = Debug|Any CPU
		{0D144F0E-DBB0-4B7D-8D04-60868F75E79C}.Release|Any CPU.ActiveCfg = Release|Any CPU
		{0D144F0E-DBB0-4B7D-8D04-60868F75E79C}.Release|Any CPU.Build.0 = Release|Any CPU
		{8AD846FE-39B7-4446-817B-594A712BAF48}.Debug|Any CPU.ActiveCfg = Debug|Any CPU
		{8AD846FE-39B7-4446-817B-594A712BAF48}.Debug|Any CPU.Build.0 = Debug|Any CPU
		{8AD846FE-39B7-4446-817B-594A712BAF48}.Release|Any CPU.ActiveCfg = Release|Any CPU
		{8AD846FE-39B7-4446-817B-594A712BAF48}.Release|Any CPU.Build.0 = Release|Any CPU
		{CDD7DE6D-8E5B-44CF-AE8B-82195BC333E4}.Debug|Any CPU.ActiveCfg = Debug|Any CPU
		{CDD7DE6D-8E5B-44CF-AE8B-82195BC333E4}.Debug|Any CPU.Build.0 = Debug|Any CPU
		{CDD7DE6D-8E5B-44CF-AE8B-82195BC333E4}.Release|Any CPU.ActiveCfg = Release|Any CPU
		{CDD7DE6D-8E5B-44CF-AE8B-82195BC333E4}.Release|Any CPU.Build.0 = Release|Any CPU
		{59482396-FE18-4E6E-BAAA-9729C80C0608}.Debug|Any CPU.ActiveCfg = Debug|Any CPU
		{59482396-FE18-4E6E-BAAA-9729C80C0608}.Debug|Any CPU.Build.0 = Debug|Any CPU
		{59482396-FE18-4E6E-BAAA-9729C80C0608}.Release|Any CPU.ActiveCfg = Release|Any CPU
		{59482396-FE18-4E6E-BAAA-9729C80C0608}.Release|Any CPU.Build.0 = Release|Any CPU
		{C07885C2-AFA8-4093-A47E-FE4AF8019CE9}.Debug|Any CPU.ActiveCfg = Debug|Any CPU
		{C07885C2-AFA8-4093-A47E-FE4AF8019CE9}.Debug|Any CPU.Build.0 = Debug|Any CPU
		{C07885C2-AFA8-4093-A47E-FE4AF8019CE9}.Release|Any CPU.ActiveCfg = Release|Any CPU
		{C07885C2-AFA8-4093-A47E-FE4AF8019CE9}.Release|Any CPU.Build.0 = Release|Any CPU
		{6D71A13C-AF8F-4591-B411-757EE22CA499}.Debug|Any CPU.ActiveCfg = Debug|Any CPU
		{6D71A13C-AF8F-4591-B411-757EE22CA499}.Debug|Any CPU.Build.0 = Debug|Any CPU
		{6D71A13C-AF8F-4591-B411-757EE22CA499}.Release|Any CPU.ActiveCfg = Release|Any CPU
		{6D71A13C-AF8F-4591-B411-757EE22CA499}.Release|Any CPU.Build.0 = Release|Any CPU
		{EDEEA947-AA85-4BE6-9646-851ADDD3E352}.Debug|Any CPU.ActiveCfg = Debug|Any CPU
		{EDEEA947-AA85-4BE6-9646-851ADDD3E352}.Debug|Any CPU.Build.0 = Debug|Any CPU
		{EDEEA947-AA85-4BE6-9646-851ADDD3E352}.Release|Any CPU.ActiveCfg = Release|Any CPU
		{EDEEA947-AA85-4BE6-9646-851ADDD3E352}.Release|Any CPU.Build.0 = Release|Any CPU
		{36A18CAF-94DE-4FC0-BD4E-F6BF3DA164FF}.Debug|Any CPU.ActiveCfg = Debug|Any CPU
		{36A18CAF-94DE-4FC0-BD4E-F6BF3DA164FF}.Debug|Any CPU.Build.0 = Debug|Any CPU
		{36A18CAF-94DE-4FC0-BD4E-F6BF3DA164FF}.Release|Any CPU.ActiveCfg = Release|Any CPU
		{36A18CAF-94DE-4FC0-BD4E-F6BF3DA164FF}.Release|Any CPU.Build.0 = Release|Any CPU
		{972E97F6-CC86-4E43-B47C-CB98F92AB62A}.Debug|Any CPU.ActiveCfg = Debug|Any CPU
		{972E97F6-CC86-4E43-B47C-CB98F92AB62A}.Debug|Any CPU.Build.0 = Debug|Any CPU
		{972E97F6-CC86-4E43-B47C-CB98F92AB62A}.Release|Any CPU.ActiveCfg = Release|Any CPU
		{972E97F6-CC86-4E43-B47C-CB98F92AB62A}.Release|Any CPU.Build.0 = Release|Any CPU
		{01B0BD1F-0B2C-4C30-8466-9A6360138888}.Debug|Any CPU.ActiveCfg = Debug|Any CPU
		{01B0BD1F-0B2C-4C30-8466-9A6360138888}.Debug|Any CPU.Build.0 = Debug|Any CPU
		{01B0BD1F-0B2C-4C30-8466-9A6360138888}.Release|Any CPU.ActiveCfg = Release|Any CPU
		{01B0BD1F-0B2C-4C30-8466-9A6360138888}.Release|Any CPU.Build.0 = Release|Any CPU
		{1E560188-A7E3-4F9F-BA53-5965331A296B}.Debug|Any CPU.ActiveCfg = Debug|Any CPU
		{1E560188-A7E3-4F9F-BA53-5965331A296B}.Debug|Any CPU.Build.0 = Debug|Any CPU
		{1E560188-A7E3-4F9F-BA53-5965331A296B}.Release|Any CPU.ActiveCfg = Release|Any CPU
		{1E560188-A7E3-4F9F-BA53-5965331A296B}.Release|Any CPU.Build.0 = Release|Any CPU
		{19486F15-74EE-4A44-9E5B-6AED8F40B772}.Debug|Any CPU.ActiveCfg = Debug|Any CPU
		{19486F15-74EE-4A44-9E5B-6AED8F40B772}.Debug|Any CPU.Build.0 = Debug|Any CPU
		{19486F15-74EE-4A44-9E5B-6AED8F40B772}.Release|Any CPU.ActiveCfg = Release|Any CPU
		{19486F15-74EE-4A44-9E5B-6AED8F40B772}.Release|Any CPU.Build.0 = Release|Any CPU
	EndGlobalSection
	GlobalSection(SolutionProperties) = preSolution
		HideSolutionNode = FALSE
	EndGlobalSection
EndGlobal
